
Microsoft Visual Studio Solution File, Format Version 12.00
# Visual Studio Version 17
VisualStudioVersion = 17.13.35931.197 d17.13
MinimumVisualStudioVersion = 10.0.40219.1
Project("{FAE04EC0-301F-11D3-BF4B-00C04F79EFBC}") = "EmployeeWebAPI", "EmployeeWebAPI\EmployeeWebAPI.csproj", "{F7BCC21E-BB35-48A5-AB58-B648FA3FD6FF}"
EndProject
Project("{FAE04EC0-301F-11D3-BF4B-00C04F79EFBC}") = "Employee.DAL", "Employee.DAL\Employee.DAL.csproj", "{E2A75E20-8A33-4493-9721-A0621DF32965}"
EndProject
Global
	GlobalSection(SolutionConfigurationPlatforms) = preSolution
		Debug|Any CPU = Debug|Any CPU
		Release|Any CPU = Release|Any CPU
	EndGlobalSection
	GlobalSection(ProjectConfigurationPlatforms) = postSolution
		{F7BCC21E-BB35-48A5-AB58-B648FA3FD6FF}.Debug|Any CPU.ActiveCfg = Debug|Any CPU
		{F7BCC21E-BB35-48A5-AB58-B648FA3FD6FF}.Debug|Any CPU.Build.0 = Debug|Any CPU
		{F7BCC21E-BB35-48A5-AB58-B648FA3FD6FF}.Release|Any CPU.ActiveCfg = Release|Any CPU
		{F7BCC21E-BB35-48A5-AB58-B648FA3FD6FF}.Release|Any CPU.Build.0 = Release|Any CPU
		{E2A75E20-8A33-4493-9721-A0621DF32965}.Debug|Any CPU.ActiveCfg = Debug|Any CPU
		{E2A75E20-8A33-4493-9721-A0621DF32965}.Debug|Any CPU.Build.0 = Debug|Any CPU
		{E2A75E20-8A33-4493-9721-A0621DF32965}.Release|Any CPU.ActiveCfg = Release|Any CPU
		{E2A75E20-8A33-4493-9721-A0621DF32965}.Release|Any CPU.Build.0 = Release|Any CPU
	EndGlobalSection
	GlobalSection(SolutionProperties) = preSolution
		HideSolutionNode = FALSE
	EndGlobalSection
	GlobalSection(ExtensibilityGlobals) = postSolution
		SolutionGuid = {FB2F4241-DAD7-42C5-B99F-DC7014BB8456}
	EndGlobalSection
EndGlobal
